{
  "name": "js_export_json",
  "version": "1.0.0",
  "lockfileVersion": 1,
  "requires": true,
  "dependencies": {
    "export-from-json": {
      "version": "1.3.5",
      "resolved": "https://registry.npmjs.org/export-from-json/-/export-from-json-1.3.5.tgz",
      "integrity": "sha512-O8fu7ufAAWhqxwZ/6dbd8Ti5QA8q8psn9CJRLfdT4TPiNmaRA38hKoLfUXVWVCBjLsMoIafKEemokgU4NHLohw==",
      "dev": true
    }
  }
}
